
Microsoft Visual Studio Solution File, Format Version 12.00
# Visual Studio Version 17
VisualStudioVersion = 17.1.32328.378
MinimumVisualStudioVersion = 10.0.40219.1
Project("{9A19103F-16F7-4668-BE54-9A1E7A4F7556}") = "Test", "Test\Test.csproj", "{845CD291-A8D0-4360-A65B-AD9E07122791}"
EndProject
Project("{9A19103F-16F7-4668-BE54-9A1E7A4F7556}") = "RestWrapper", "RestWrapper\RestWrapper.csproj", "{DBED7E04-BD26-4348-8A7A-6F52A88AFEE9}"
EndProject
Project("{9A19103F-16F7-4668-BE54-9A1E7A4F7556}") = "TestStream", "TestStream\TestStream.csproj", "{B5D8C0A2-53DA-4EF4-B3A8-EA7AE49BC44C}"
EndProject
Project("{9A19103F-16F7-4668-BE54-9A1E7A4F7556}") = "TestSerializer", "TestSerializer\TestSerializer.csproj", "{9918D0E1-32EA-4F49-9B91-D714A707C09E}"
EndProject
Project("{FAE04EC0-301F-11D3-BF4B-00C04F79EFBC}") = "TestCancellation", "TestCancellation\TestCancellation.csproj", "{D2A04928-35B5-4E2C-AE44-0A785DB5316C}"
EndProject
Project("{FAE04EC0-301F-11D3-BF4B-00C04F79EFBC}") = "TestChunkedTransfer", "TestChunkedTransfer\TestChunkedTransfer.csproj", "{03BFC9C0-EB6C-4A9F-9744-F18664F9AF71}"
EndProject
Project("{FAE04EC0-301F-11D3-BF4B-00C04F79EFBC}") = "TestServerSentEvents", "TestServerSentEvents\TestServerSentEvents.csproj", "{7843DE27-C39F-4574-A2A7-975F49ECA457}"
EndProject
Global
	GlobalSection(SolutionConfigurationPlatforms) = preSolution
		Debug|Any CPU = Debug|Any CPU
		Release|Any CPU = Release|Any CPU
	EndGlobalSection
	GlobalSection(ProjectConfigurationPlatforms) = postSolution
		{845CD291-A8D0-4360-A65B-AD9E07122791}.Debug|Any CPU.ActiveCfg = Debug|Any CPU
		{845CD291-A8D0-4360-A65B-AD9E07122791}.Debug|Any CPU.Build.0 = Debug|Any CPU
		{845CD291-A8D0-4360-A65B-AD9E07122791}.Release|Any CPU.ActiveCfg = Release|Any CPU
		{845CD291-A8D0-4360-A65B-AD9E07122791}.Release|Any CPU.Build.0 = Release|Any CPU
		{DBED7E04-BD26-4348-8A7A-6F52A88AFEE9}.Debug|Any CPU.ActiveCfg = Debug|Any CPU
		{DBED7E04-BD26-4348-8A7A-6F52A88AFEE9}.Debug|Any CPU.Build.0 = Debug|Any CPU
		{DBED7E04-BD26-4348-8A7A-6F52A88AFEE9}.Release|Any CPU.ActiveCfg = Release|Any CPU
		{DBED7E04-BD26-4348-8A7A-6F52A88AFEE9}.Release|Any CPU.Build.0 = Release|Any CPU
		{B5D8C0A2-53DA-4EF4-B3A8-EA7AE49BC44C}.Debug|Any CPU.ActiveCfg = Debug|Any CPU
		{B5D8C0A2-53DA-4EF4-B3A8-EA7AE49BC44C}.Debug|Any CPU.Build.0 = Debug|Any CPU
		{B5D8C0A2-53DA-4EF4-B3A8-EA7AE49BC44C}.Release|Any CPU.ActiveCfg = Release|Any CPU
		{B5D8C0A2-53DA-4EF4-B3A8-EA7AE49BC44C}.Release|Any CPU.Build.0 = Release|Any CPU
		{9918D0E1-32EA-4F49-9B91-D714A707C09E}.Debug|Any CPU.ActiveCfg = Debug|Any CPU
		{9918D0E1-32EA-4F49-9B91-D714A707C09E}.Debug|Any CPU.Build.0 = Debug|Any CPU
		{9918D0E1-32EA-4F49-9B91-D714A707C09E}.Release|Any CPU.ActiveCfg = Release|Any CPU
		{9918D0E1-32EA-4F49-9B91-D714A707C09E}.Release|Any CPU.Build.0 = Release|Any CPU
		{D2A04928-35B5-4E2C-AE44-0A785DB5316C}.Debug|Any CPU.ActiveCfg = Debug|Any CPU
		{D2A04928-35B5-4E2C-AE44-0A785DB5316C}.Debug|Any CPU.Build.0 = Debug|Any CPU
		{D2A04928-35B5-4E2C-AE44-0A785DB5316C}.Release|Any CPU.ActiveCfg = Release|Any CPU
		{D2A04928-35B5-4E2C-AE44-0A785DB5316C}.Release|Any CPU.Build.0 = Release|Any CPU
		{03BFC9C0-EB6C-4A9F-9744-F18664F9AF71}.Debug|Any CPU.ActiveCfg = Debug|Any CPU
		{03BFC9C0-EB6C-4A9F-9744-F18664F9AF71}.Debug|Any CPU.Build.0 = Debug|Any CPU
		{03BFC9C0-EB6C-4A9F-9744-F18664F9AF71}.Release|Any CPU.ActiveCfg = Release|Any CPU
		{03BFC9C0-EB6C-4A9F-9744-F18664F9AF71}.Release|Any CPU.Build.0 = Release|Any CPU
		{7843DE27-C39F-4574-A2A7-975F49ECA457}.Debug|Any CPU.ActiveCfg = Debug|Any CPU
		{7843DE27-C39F-4574-A2A7-975F49ECA457}.Debug|Any CPU.Build.0 = Debug|Any CPU
		{7843DE27-C39F-4574-A2A7-975F49ECA457}.Release|Any CPU.ActiveCfg = Release|Any CPU
		{7843DE27-C39F-4574-A2A7-975F49ECA457}.Release|Any CPU.Build.0 = Release|Any CPU
	EndGlobalSection
	GlobalSection(SolutionProperties) = preSolution
		HideSolutionNode = FALSE
	EndGlobalSection
	GlobalSection(ExtensibilityGlobals) = postSolution
		SolutionGuid = {880EC21B-DFB3-4E03-8D93-2C3CA7929D36}
	EndGlobalSection
EndGlobal
