
Microsoft Visual Studio Solution File, Format Version 12.00
# Visual Studio Version 17
VisualStudioVersion = 17.1.32328.378
MinimumVisualStudioVersion = 10.0.40219.1
Project("{9A19103F-16F7-4668-BE54-9A1E7A4F7556}") = "Test", "Test\Test.csproj", "{845CD291-A8D0-4360-A65B-AD9E07122791}"
EndProject
Project("{9A19103F-16F7-4668-BE54-9A1E7A4F7556}") = "RestWrapper", "RestWrapper\RestWrapper.csproj", "{DBED7E04-BD26-4348-8A7A-6F52A88AFEE9}"
EndProject
Project("{FAE04EC0-301F-11D3-BF4B-00C04F79EFBC}") = "Test.Shared", "Test.Shared\Test.Shared.csproj", "{EAC5D0F0-740B-4CAA-95E4-9E288AD7E184}"
EndProject
Project("{FAE04EC0-301F-11D3-BF4B-00C04F79EFBC}") = "Test.Automated", "Test.Automated\Test.Automated.csproj", "{1DB1D761-90BA-4AAC-B15D-B9B4C3B53EDF}"
EndProject
Project("{FAE04EC0-301F-11D3-BF4B-00C04F79EFBC}") = "Test.Xunit", "Test.Xunit\Test.Xunit.csproj", "{AE79CF03-31F2-497E-ABE7-903A8BE8C415}"
EndProject
Project("{FAE04EC0-301F-11D3-BF4B-00C04F79EFBC}") = "Test.Nunit", "Test.Nunit\Test.Nunit.csproj", "{FF5BFF3B-33F7-430F-BB82-2892FA13AC87}"
EndProject
Global
	GlobalSection(SolutionConfigurationPlatforms) = preSolution
		Debug|Any CPU = Debug|Any CPU
		Debug|x64 = Debug|x64
		Debug|x86 = Debug|x86
		Release|Any CPU = Release|Any CPU
		Release|x64 = Release|x64
		Release|x86 = Release|x86
	EndGlobalSection
	GlobalSection(ProjectConfigurationPlatforms) = postSolution
		{845CD291-A8D0-4360-A65B-AD9E07122791}.Debug|Any CPU.ActiveCfg = Debug|Any CPU
		{845CD291-A8D0-4360-A65B-AD9E07122791}.Debug|Any CPU.Build.0 = Debug|Any CPU
		{845CD291-A8D0-4360-A65B-AD9E07122791}.Debug|x64.ActiveCfg = Debug|Any CPU
		{845CD291-A8D0-4360-A65B-AD9E07122791}.Debug|x64.Build.0 = Debug|Any CPU
		{845CD291-A8D0-4360-A65B-AD9E07122791}.Debug|x86.ActiveCfg = Debug|Any CPU
		{845CD291-A8D0-4360-A65B-AD9E07122791}.Debug|x86.Build.0 = Debug|Any CPU
		{845CD291-A8D0-4360-A65B-AD9E07122791}.Release|Any CPU.ActiveCfg = Release|Any CPU
		{845CD291-A8D0-4360-A65B-AD9E07122791}.Release|Any CPU.Build.0 = Release|Any CPU
		{845CD291-A8D0-4360-A65B-AD9E07122791}.Release|x64.ActiveCfg = Release|Any CPU
		{845CD291-A8D0-4360-A65B-AD9E07122791}.Release|x64.Build.0 = Release|Any CPU
		{845CD291-A8D0-4360-A65B-AD9E07122791}.Release|x86.ActiveCfg = Release|Any CPU
		{845CD291-A8D0-4360-A65B-AD9E07122791}.Release|x86.Build.0 = Release|Any CPU
		{DBED7E04-BD26-4348-8A7A-6F52A88AFEE9}.Debug|Any CPU.ActiveCfg = Debug|Any CPU
		{DBED7E04-BD26-4348-8A7A-6F52A88AFEE9}.Debug|Any CPU.Build.0 = Debug|Any CPU
		{DBED7E04-BD26-4348-8A7A-6F52A88AFEE9}.Debug|x64.ActiveCfg = Debug|Any CPU
		{DBED7E04-BD26-4348-8A7A-6F52A88AFEE9}.Debug|x64.Build.0 = Debug|Any CPU
		{DBED7E04-BD26-4348-8A7A-6F52A88AFEE9}.Debug|x86.ActiveCfg = Debug|Any CPU
		{DBED7E04-BD26-4348-8A7A-6F52A88AFEE9}.Debug|x86.Build.0 = Debug|Any CPU
		{DBED7E04-BD26-4348-8A7A-6F52A88AFEE9}.Release|Any CPU.ActiveCfg = Release|Any CPU
		{DBED7E04-BD26-4348-8A7A-6F52A88AFEE9}.Release|Any CPU.Build.0 = Release|Any CPU
		{DBED7E04-BD26-4348-8A7A-6F52A88AFEE9}.Release|x64.ActiveCfg = Release|Any CPU
		{DBED7E04-BD26-4348-8A7A-6F52A88AFEE9}.Release|x64.Build.0 = Release|Any CPU
		{DBED7E04-BD26-4348-8A7A-6F52A88AFEE9}.Release|x86.ActiveCfg = Release|Any CPU
		{DBED7E04-BD26-4348-8A7A-6F52A88AFEE9}.Release|x86.Build.0 = Release|Any CPU
		{EAC5D0F0-740B-4CAA-95E4-9E288AD7E184}.Debug|Any CPU.ActiveCfg = Debug|Any CPU
		{EAC5D0F0-740B-4CAA-95E4-9E288AD7E184}.Debug|Any CPU.Build.0 = Debug|Any CPU
		{EAC5D0F0-740B-4CAA-95E4-9E288AD7E184}.Debug|x64.ActiveCfg = Debug|Any CPU
		{EAC5D0F0-740B-4CAA-95E4-9E288AD7E184}.Debug|x64.Build.0 = Debug|Any CPU
		{EAC5D0F0-740B-4CAA-95E4-9E288AD7E184}.Debug|x86.ActiveCfg = Debug|Any CPU
		{EAC5D0F0-740B-4CAA-95E4-9E288AD7E184}.Debug|x86.Build.0 = Debug|Any CPU
		{EAC5D0F0-740B-4CAA-95E4-9E288AD7E184}.Release|Any CPU.ActiveCfg = Release|Any CPU
		{EAC5D0F0-740B-4CAA-95E4-9E288AD7E184}.Release|Any CPU.Build.0 = Release|Any CPU
		{EAC5D0F0-740B-4CAA-95E4-9E288AD7E184}.Release|x64.ActiveCfg = Release|Any CPU
		{EAC5D0F0-740B-4CAA-95E4-9E288AD7E184}.Release|x64.Build.0 = Release|Any CPU
		{EAC5D0F0-740B-4CAA-95E4-9E288AD7E184}.Release|x86.ActiveCfg = Release|Any CPU
		{EAC5D0F0-740B-4CAA-95E4-9E288AD7E184}.Release|x86.Build.0 = Release|Any CPU
		{1DB1D761-90BA-4AAC-B15D-B9B4C3B53EDF}.Debug|Any CPU.ActiveCfg = Debug|Any CPU
		{1DB1D761-90BA-4AAC-B15D-B9B4C3B53EDF}.Debug|Any CPU.Build.0 = Debug|Any CPU
		{1DB1D761-90BA-4AAC-B15D-B9B4C3B53EDF}.Debug|x64.ActiveCfg = Debug|Any CPU
		{1DB1D761-90BA-4AAC-B15D-B9B4C3B53EDF}.Debug|x64.Build.0 = Debug|Any CPU
		{1DB1D761-90BA-4AAC-B15D-B9B4C3B53EDF}.Debug|x86.ActiveCfg = Debug|Any CPU
		{1DB1D761-90BA-4AAC-B15D-B9B4C3B53EDF}.Debug|x86.Build.0 = Debug|Any CPU
		{1DB1D761-90BA-4AAC-B15D-B9B4C3B53EDF}.Release|Any CPU.ActiveCfg = Release|Any CPU
		{1DB1D761-90BA-4AAC-B15D-B9B4C3B53EDF}.Release|Any CPU.Build.0 = Release|Any CPU
		{1DB1D761-90BA-4AAC-B15D-B9B4C3B53EDF}.Release|x64.ActiveCfg = Release|Any CPU
		{1DB1D761-90BA-4AAC-B15D-B9B4C3B53EDF}.Release|x64.Build.0 = Release|Any CPU
		{1DB1D761-90BA-4AAC-B15D-B9B4C3B53EDF}.Release|x86.ActiveCfg = Release|Any CPU
		{1DB1D761-90BA-4AAC-B15D-B9B4C3B53EDF}.Release|x86.Build.0 = Release|Any CPU
		{AE79CF03-31F2-497E-ABE7-903A8BE8C415}.Debug|Any CPU.ActiveCfg = Debug|Any CPU
		{AE79CF03-31F2-497E-ABE7-903A8BE8C415}.Debug|Any CPU.Build.0 = Debug|Any CPU
		{AE79CF03-31F2-497E-ABE7-903A8BE8C415}.Debug|x64.ActiveCfg = Debug|Any CPU
		{AE79CF03-31F2-497E-ABE7-903A8BE8C415}.Debug|x64.Build.0 = Debug|Any CPU
		{AE79CF03-31F2-497E-ABE7-903A8BE8C415}.Debug|x86.ActiveCfg = Debug|Any CPU
		{AE79CF03-31F2-497E-ABE7-903A8BE8C415}.Debug|x86.Build.0 = Debug|Any CPU
		{AE79CF03-31F2-497E-ABE7-903A8BE8C415}.Release|Any CPU.ActiveCfg = Release|Any CPU
		{AE79CF03-31F2-497E-ABE7-903A8BE8C415}.Release|Any CPU.Build.0 = Release|Any CPU
		{AE79CF03-31F2-497E-ABE7-903A8BE8C415}.Release|x64.ActiveCfg = Release|Any CPU
		{AE79CF03-31F2-497E-ABE7-903A8BE8C415}.Release|x64.Build.0 = Release|Any CPU
		{AE79CF03-31F2-497E-ABE7-903A8BE8C415}.Release|x86.ActiveCfg = Release|Any CPU
		{AE79CF03-31F2-497E-ABE7-903A8BE8C415}.Release|x86.Build.0 = Release|Any CPU
		{FF5BFF3B-33F7-430F-BB82-2892FA13AC87}.Debug|Any CPU.ActiveCfg = Debug|Any CPU
		{FF5BFF3B-33F7-430F-BB82-2892FA13AC87}.Debug|Any CPU.Build.0 = Debug|Any CPU
		{FF5BFF3B-33F7-430F-BB82-2892FA13AC87}.Debug|x64.ActiveCfg = Debug|Any CPU
		{FF5BFF3B-33F7-430F-BB82-2892FA13AC87}.Debug|x64.Build.0 = Debug|Any CPU
		{FF5BFF3B-33F7-430F-BB82-2892FA13AC87}.Debug|x86.ActiveCfg = Debug|Any CPU
		{FF5BFF3B-33F7-430F-BB82-2892FA13AC87}.Debug|x86.Build.0 = Debug|Any CPU
		{FF5BFF3B-33F7-430F-BB82-2892FA13AC87}.Release|Any CPU.ActiveCfg = Release|Any CPU
		{FF5BFF3B-33F7-430F-BB82-2892FA13AC87}.Release|Any CPU.Build.0 = Release|Any CPU
		{FF5BFF3B-33F7-430F-BB82-2892FA13AC87}.Release|x64.ActiveCfg = Release|Any CPU
		{FF5BFF3B-33F7-430F-BB82-2892FA13AC87}.Release|x64.Build.0 = Release|Any CPU
		{FF5BFF3B-33F7-430F-BB82-2892FA13AC87}.Release|x86.ActiveCfg = Release|Any CPU
		{FF5BFF3B-33F7-430F-BB82-2892FA13AC87}.Release|x86.Build.0 = Release|Any CPU
	EndGlobalSection
	GlobalSection(SolutionProperties) = preSolution
		HideSolutionNode = FALSE
	EndGlobalSection
	GlobalSection(ExtensibilityGlobals) = postSolution
		SolutionGuid = {880EC21B-DFB3-4E03-8D93-2C3CA7929D36}
	EndGlobalSection
EndGlobal
